
Microsoft Visual Studio Solution File, Format Version 12.00
# Visual Studio Version 16
VisualStudioVersion = 16.0.32929.386
MinimumVisualStudioVersion = 10.0.40219.1
Project("{FAE04EC0-301F-11D3-BF4B-00C04F79EFBC}") = "GetTokenAPI", "GetTokenAPI.csproj", "{84096EA4-44D9-44C8-975B-DEB6946D64DE}"
EndProject
Global
	GlobalSection(SolutionConfigurationPlatforms) = preSolution
		Debug|Any CPU = Debug|Any CPU
		Release|Any CPU = Release|Any CPU
	EndGlobalSection
	GlobalSection(ProjectConfigurationPlatforms) = postSolution
		{84096EA4-44D9-44C8-975B-DEB6946D64DE}.Debug|Any CPU.ActiveCfg = Debug|Any CPU
		{84096EA4-44D9-44C8-975B-DEB6946D64DE}.Debug|Any CPU.Build.0 = Debug|Any CPU
		{84096EA4-44D9-44C8-975B-DEB6946D64DE}.Release|Any CPU.ActiveCfg = Release|Any CPU
		{84096EA4-44D9-44C8-975B-DEB6946D64DE}.Release|Any CPU.Build.0 = Release|Any CPU
	EndGlobalSection
	GlobalSection(SolutionProperties) = preSolution
		HideSolutionNode = FALSE
	EndGlobalSection
	GlobalSection(ExtensibilityGlobals) = postSolution
		SolutionGuid = {175BC6EF-B9F9-47FF-9C0B-125746418855}
	EndGlobalSection
EndGlobal
